
Microsoft Visual Studio Solution File, Format Version 12.00
# Visual Studio 2013
VisualStudioVersion = 12.0.30723.0
MinimumVisualStudioVersion = 10.0.40219.1
Project("{8BC9CEB8-8B4A-11D0-8D11-00A0C91BC942}") = "cache_calc", "batch-calculator\cache_calc.vcxproj", "{2687F5D5-2DBF-49BF-90C8-49ECC2915AF8}"
EndProject
Global
	GlobalSection(SolutionConfigurationPlatforms) = preSolution
		Debug|Win32 = Debug|Win32
		Release|Win32 = Release|Win32
	EndGlobalSection
	GlobalSection(ProjectConfigurationPlatforms) = postSolution
		{2687F5D5-2DBF-49BF-90C8-49ECC2915AF8}.Debug|Win32.ActiveCfg = Debug|Win32
		{2687F5D5-2DBF-49BF-90C8-49ECC2915AF8}.Debug|Win32.Build.0 = Debug|Win32
		{2687F5D5-2DBF-49BF-90C8-49ECC2915AF8}.Release|Win32.ActiveCfg = Release|Win32
		{2687F5D5-2DBF-49BF-90C8-49ECC2915AF8}.Release|Win32.Build.0 = Release|Win32
	EndGlobalSection
	GlobalSection(SolutionProperties) = preSolution
		HideSolutionNode = FALSE
	EndGlobalSection
EndGlobal
